
Microsoft Visual Studio Solution File, Format Version 12.00
# Visual Studio Version 17
VisualStudioVersion = 17.7.34031.279
MinimumVisualStudioVersion = 10.0.40219.1
Project("{FAE04EC0-301F-11D3-BF4B-00C04F79EFBC}") = "APIuni", "APIuni.csproj", "{0BD011D2-BD54-48FB-8EDC-B69FB9C7B89C}"
EndProject
Global
	GlobalSection(SolutionConfigurationPlatforms) = preSolution
		Debug|Any CPU = Debug|Any CPU
		Release|Any CPU = Release|Any CPU
	EndGlobalSection
	GlobalSection(ProjectConfigurationPlatforms) = postSolution
		{0BD011D2-BD54-48FB-8EDC-B69FB9C7B89C}.Debug|Any CPU.ActiveCfg = Debug|Any CPU
		{0BD011D2-BD54-48FB-8EDC-B69FB9C7B89C}.Debug|Any CPU.Build.0 = Debug|Any CPU
		{0BD011D2-BD54-48FB-8EDC-B69FB9C7B89C}.Release|Any CPU.ActiveCfg = Release|Any CPU
		{0BD011D2-BD54-48FB-8EDC-B69FB9C7B89C}.Release|Any CPU.Build.0 = Release|Any CPU
	EndGlobalSection
	GlobalSection(SolutionProperties) = preSolution
		HideSolutionNode = FALSE
	EndGlobalSection
	GlobalSection(ExtensibilityGlobals) = postSolution
		SolutionGuid = {6A97A4C0-FDB1-4330-9A6E-C587C78A21E6}
	EndGlobalSection
EndGlobal
